
Microsoft Visual Studio Solution File, Format Version 12.00
# Visual Studio Version 17
VisualStudioVersion = 17.11.35431.28
MinimumVisualStudioVersion = 10.0.40219.1
Project("{FAE04EC0-301F-11D3-BF4B-00C04F79EFBC}") = "adventofcode2024", "adventofcode2024.csproj", "{4A88E88D-AA89-4240-AE93-47DD04EF1292}"
EndProject
Global
	GlobalSection(SolutionConfigurationPlatforms) = preSolution
		Debug|Any CPU = Debug|Any CPU
		Release|Any CPU = Release|Any CPU
	EndGlobalSection
	GlobalSection(ProjectConfigurationPlatforms) = postSolution
		{4A88E88D-AA89-4240-AE93-47DD04EF1292}.Debug|Any CPU.ActiveCfg = Debug|Any CPU
		{4A88E88D-AA89-4240-AE93-47DD04EF1292}.Debug|Any CPU.Build.0 = Debug|Any CPU
		{4A88E88D-AA89-4240-AE93-47DD04EF1292}.Release|Any CPU.ActiveCfg = Release|Any CPU
		{4A88E88D-AA89-4240-AE93-47DD04EF1292}.Release|Any CPU.Build.0 = Release|Any CPU
	EndGlobalSection
	GlobalSection(SolutionProperties) = preSolution
		HideSolutionNode = FALSE
	EndGlobalSection
	GlobalSection(ExtensibilityGlobals) = postSolution
		SolutionGuid = {D9C41A6E-81CC-4FC2-A4CC-3E196A591ED8}
	EndGlobalSection
EndGlobal
